
Microsoft Visual Studio Solution File, Format Version 12.00
# Visual Studio 15
Project("{FAE04EC0-301F-11D3-BF4B-00C04F79EFBC}") = "labb3.Android", "labb3.Android\labb3.Android.csproj", "{5FFD8DBF-C352-4E19-8FF4-85CEE6F45E54}"
EndProject
Project("{FAE04EC0-301F-11D3-BF4B-00C04F79EFBC}") = "labb3.iOS", "labb3.iOS\labb3.iOS.csproj", "{8E1B3ECD-0754-495A-BD10-26C0D3B75211}"
EndProject
Project("{FAE04EC0-301F-11D3-BF4B-00C04F79EFBC}") = "labb3", "labb3\labb3.csproj", "{9BF2AEEE-CDF0-4841-83D3-1755CAEDACC1}"
EndProject
Global
	GlobalSection(SolutionConfigurationPlatforms) = preSolution
		Debug|Any CPU = Debug|Any CPU
		Release|Any CPU = Release|Any CPU
		Debug|iPhoneSimulator = Debug|iPhoneSimulator
		Release|iPhoneSimulator = Release|iPhoneSimulator
		Debug|iPhone = Debug|iPhone
		Release|iPhone = Release|iPhone
	EndGlobalSection
	GlobalSection(ProjectConfigurationPlatforms) = postSolution
		{5FFD8DBF-C352-4E19-8FF4-85CEE6F45E54}.Debug|Any CPU.ActiveCfg = Debug|Any CPU
		{5FFD8DBF-C352-4E19-8FF4-85CEE6F45E54}.Debug|Any CPU.Build.0 = Debug|Any CPU
		{5FFD8DBF-C352-4E19-8FF4-85CEE6F45E54}.Release|Any CPU.ActiveCfg = Release|Any CPU
		{5FFD8DBF-C352-4E19-8FF4-85CEE6F45E54}.Release|Any CPU.Build.0 = Release|Any CPU
		{5FFD8DBF-C352-4E19-8FF4-85CEE6F45E54}.Debug|iPhoneSimulator.ActiveCfg = Debug|Any CPU
		{5FFD8DBF-C352-4E19-8FF4-85CEE6F45E54}.Debug|iPhoneSimulator.Build.0 = Debug|Any CPU
		{5FFD8DBF-C352-4E19-8FF4-85CEE6F45E54}.Release|iPhoneSimulator.ActiveCfg = Release|Any CPU
		{5FFD8DBF-C352-4E19-8FF4-85CEE6F45E54}.Release|iPhoneSimulator.Build.0 = Release|Any CPU
		{5FFD8DBF-C352-4E19-8FF4-85CEE6F45E54}.Debug|iPhone.ActiveCfg = Debug|Any CPU
		{5FFD8DBF-C352-4E19-8FF4-85CEE6F45E54}.Debug|iPhone.Build.0 = Debug|Any CPU
		{5FFD8DBF-C352-4E19-8FF4-85CEE6F45E54}.Release|iPhone.ActiveCfg = Release|Any CPU
		{5FFD8DBF-C352-4E19-8FF4-85CEE6F45E54}.Release|iPhone.Build.0 = Release|Any CPU
		{8E1B3ECD-0754-495A-BD10-26C0D3B75211}.Debug|Any CPU.ActiveCfg = Debug|iPhoneSimulator
		{8E1B3ECD-0754-495A-BD10-26C0D3B75211}.Debug|Any CPU.Build.0 = Debug|iPhoneSimulator
		{8E1B3ECD-0754-495A-BD10-26C0D3B75211}.Release|Any CPU.ActiveCfg = Release|iPhoneSimulator
		{8E1B3ECD-0754-495A-BD10-26C0D3B75211}.Release|Any CPU.Build.0 = Release|iPhoneSimulator
		{8E1B3ECD-0754-495A-BD10-26C0D3B75211}.Debug|iPhoneSimulator.ActiveCfg = Debug|iPhoneSimulator
		{8E1B3ECD-0754-495A-BD10-26C0D3B75211}.Debug|iPhoneSimulator.Build.0 = Debug|iPhoneSimulator
		{8E1B3ECD-0754-495A-BD10-26C0D3B75211}.Release|iPhoneSimulator.ActiveCfg = Release|iPhoneSimulator
		{8E1B3ECD-0754-495A-BD10-26C0D3B75211}.Release|iPhoneSimulator.Build.0 = Release|iPhoneSimulator
		{8E1B3ECD-0754-495A-BD10-26C0D3B75211}.Debug|iPhone.ActiveCfg = Debug|iPhone
		{8E1B3ECD-0754-495A-BD10-26C0D3B75211}.Debug|iPhone.Build.0 = Debug|iPhone
		{8E1B3ECD-0754-495A-BD10-26C0D3B75211}.Release|iPhone.ActiveCfg = Release|iPhone
		{8E1B3ECD-0754-495A-BD10-26C0D3B75211}.Release|iPhone.Build.0 = Release|iPhone
		{9BF2AEEE-CDF0-4841-83D3-1755CAEDACC1}.Debug|Any CPU.ActiveCfg = Debug|Any CPU
		{9BF2AEEE-CDF0-4841-83D3-1755CAEDACC1}.Debug|Any CPU.Build.0 = Debug|Any CPU
		{9BF2AEEE-CDF0-4841-83D3-1755CAEDACC1}.Release|Any CPU.ActiveCfg = Release|Any CPU
		{9BF2AEEE-CDF0-4841-83D3-1755CAEDACC1}.Release|Any CPU.Build.0 = Release|Any CPU
		{9BF2AEEE-CDF0-4841-83D3-1755CAEDACC1}.Debug|iPhoneSimulator.ActiveCfg = Debug|Any CPU
		{9BF2AEEE-CDF0-4841-83D3-1755CAEDACC1}.Debug|iPhoneSimulator.Build.0 = Debug|Any CPU
		{9BF2AEEE-CDF0-4841-83D3-1755CAEDACC1}.Release|iPhoneSimulator.ActiveCfg = Release|Any CPU
		{9BF2AEEE-CDF0-4841-83D3-1755CAEDACC1}.Release|iPhoneSimulator.Build.0 = Release|Any CPU
		{9BF2AEEE-CDF0-4841-83D3-1755CAEDACC1}.Debug|iPhone.ActiveCfg = Debug|Any CPU
		{9BF2AEEE-CDF0-4841-83D3-1755CAEDACC1}.Debug|iPhone.Build.0 = Debug|Any CPU
		{9BF2AEEE-CDF0-4841-83D3-1755CAEDACC1}.Release|iPhone.ActiveCfg = Release|Any CPU
		{9BF2AEEE-CDF0-4841-83D3-1755CAEDACC1}.Release|iPhone.Build.0 = Release|Any CPU
	EndGlobalSection
EndGlobal
